
Microsoft Visual Studio Solution File, Format Version 12.00
# Visual Studio Version 17
VisualStudioVersion = 17.0.31903.59
MinimumVisualStudioVersion = 10.0.40219.1
Project("{FAE04EC0-301F-11D3-BF4B-00C04F79EFBC}") = "API", "API\API.csproj", "{92E619C2-9DC6-4EEA-AE06-6BDCA8AFDC03}"
EndProject
Project("{FAE04EC0-301F-11D3-BF4B-00C04F79EFBC}") = "Application", "Application\Application.csproj", "{C664A35C-EC6E-466D-92E8-9CCC3F77EF32}"
EndProject
Project("{FAE04EC0-301F-11D3-BF4B-00C04F79EFBC}") = "Domain", "Domain\Domain.csproj", "{510FCBB9-F8E6-4DD2-B6D2-95180CFFABD1}"
EndProject
Project("{FAE04EC0-301F-11D3-BF4B-00C04F79EFBC}") = "Persistence", "Persistence\Persistence.csproj", "{D92185CB-A9EC-4D46-B110-52873FBCB4F7}"
EndProject
Global
	GlobalSection(SolutionConfigurationPlatforms) = preSolution
		Debug|Any CPU = Debug|Any CPU
		Debug|x64 = Debug|x64
		Debug|x86 = Debug|x86
		Release|Any CPU = Release|Any CPU
		Release|x64 = Release|x64
		Release|x86 = Release|x86
	EndGlobalSection
	GlobalSection(ProjectConfigurationPlatforms) = postSolution
		{92E619C2-9DC6-4EEA-AE06-6BDCA8AFDC03}.Debug|Any CPU.ActiveCfg = Debug|Any CPU
		{92E619C2-9DC6-4EEA-AE06-6BDCA8AFDC03}.Debug|Any CPU.Build.0 = Debug|Any CPU
		{92E619C2-9DC6-4EEA-AE06-6BDCA8AFDC03}.Debug|x64.ActiveCfg = Debug|Any CPU
		{92E619C2-9DC6-4EEA-AE06-6BDCA8AFDC03}.Debug|x64.Build.0 = Debug|Any CPU
		{92E619C2-9DC6-4EEA-AE06-6BDCA8AFDC03}.Debug|x86.ActiveCfg = Debug|Any CPU
		{92E619C2-9DC6-4EEA-AE06-6BDCA8AFDC03}.Debug|x86.Build.0 = Debug|Any CPU
		{92E619C2-9DC6-4EEA-AE06-6BDCA8AFDC03}.Release|Any CPU.ActiveCfg = Release|Any CPU
		{92E619C2-9DC6-4EEA-AE06-6BDCA8AFDC03}.Release|Any CPU.Build.0 = Release|Any CPU
		{92E619C2-9DC6-4EEA-AE06-6BDCA8AFDC03}.Release|x64.ActiveCfg = Release|Any CPU
		{92E619C2-9DC6-4EEA-AE06-6BDCA8AFDC03}.Release|x64.Build.0 = Release|Any CPU
		{92E619C2-9DC6-4EEA-AE06-6BDCA8AFDC03}.Release|x86.ActiveCfg = Release|Any CPU
		{92E619C2-9DC6-4EEA-AE06-6BDCA8AFDC03}.Release|x86.Build.0 = Release|Any CPU
		{C664A35C-EC6E-466D-92E8-9CCC3F77EF32}.Debug|Any CPU.ActiveCfg = Debug|Any CPU
		{C664A35C-EC6E-466D-92E8-9CCC3F77EF32}.Debug|Any CPU.Build.0 = Debug|Any CPU
		{C664A35C-EC6E-466D-92E8-9CCC3F77EF32}.Debug|x64.ActiveCfg = Debug|Any CPU
		{C664A35C-EC6E-466D-92E8-9CCC3F77EF32}.Debug|x64.Build.0 = Debug|Any CPU
		{C664A35C-EC6E-466D-92E8-9CCC3F77EF32}.Debug|x86.ActiveCfg = Debug|Any CPU
		{C664A35C-EC6E-466D-92E8-9CCC3F77EF32}.Debug|x86.Build.0 = Debug|Any CPU
		{C664A35C-EC6E-466D-92E8-9CCC3F77EF32}.Release|Any CPU.ActiveCfg = Release|Any CPU
		{C664A35C-EC6E-466D-92E8-9CCC3F77EF32}.Release|Any CPU.Build.0 = Release|Any CPU
		{C664A35C-EC6E-466D-92E8-9CCC3F77EF32}.Release|x64.ActiveCfg = Release|Any CPU
		{C664A35C-EC6E-466D-92E8-9CCC3F77EF32}.Release|x64.Build.0 = Release|Any CPU
		{C664A35C-EC6E-466D-92E8-9CCC3F77EF32}.Release|x86.ActiveCfg = Release|Any CPU
		{C664A35C-EC6E-466D-92E8-9CCC3F77EF32}.Release|x86.Build.0 = Release|Any CPU
		{510FCBB9-F8E6-4DD2-B6D2-95180CFFABD1}.Debug|Any CPU.ActiveCfg = Debug|Any CPU
		{510FCBB9-F8E6-4DD2-B6D2-95180CFFABD1}.Debug|Any CPU.Build.0 = Debug|Any CPU
		{510FCBB9-F8E6-4DD2-B6D2-95180CFFABD1}.Debug|x64.ActiveCfg = Debug|Any CPU
		{510FCBB9-F8E6-4DD2-B6D2-95180CFFABD1}.Debug|x64.Build.0 = Debug|Any CPU
		{510FCBB9-F8E6-4DD2-B6D2-95180CFFABD1}.Debug|x86.ActiveCfg = Debug|Any CPU
		{510FCBB9-F8E6-4DD2-B6D2-95180CFFABD1}.Debug|x86.Build.0 = Debug|Any CPU
		{510FCBB9-F8E6-4DD2-B6D2-95180CFFABD1}.Release|Any CPU.ActiveCfg = Release|Any CPU
		{510FCBB9-F8E6-4DD2-B6D2-95180CFFABD1}.Release|Any CPU.Build.0 = Release|Any CPU
		{510FCBB9-F8E6-4DD2-B6D2-95180CFFABD1}.Release|x64.ActiveCfg = Release|Any CPU
		{510FCBB9-F8E6-4DD2-B6D2-95180CFFABD1}.Release|x64.Build.0 = Release|Any CPU
		{510FCBB9-F8E6-4DD2-B6D2-95180CFFABD1}.Release|x86.ActiveCfg = Release|Any CPU
		{510FCBB9-F8E6-4DD2-B6D2-95180CFFABD1}.Release|x86.Build.0 = Release|Any CPU
		{D92185CB-A9EC-4D46-B110-52873FBCB4F7}.Debug|Any CPU.ActiveCfg = Debug|Any CPU
		{D92185CB-A9EC-4D46-B110-52873FBCB4F7}.Debug|Any CPU.Build.0 = Debug|Any CPU
		{D92185CB-A9EC-4D46-B110-52873FBCB4F7}.Debug|x64.ActiveCfg = Debug|Any CPU
		{D92185CB-A9EC-4D46-B110-52873FBCB4F7}.Debug|x64.Build.0 = Debug|Any CPU
		{D92185CB-A9EC-4D46-B110-52873FBCB4F7}.Debug|x86.ActiveCfg = Debug|Any CPU
		{D92185CB-A9EC-4D46-B110-52873FBCB4F7}.Debug|x86.Build.0 = Debug|Any CPU
		{D92185CB-A9EC-4D46-B110-52873FBCB4F7}.Release|Any CPU.ActiveCfg = Release|Any CPU
		{D92185CB-A9EC-4D46-B110-52873FBCB4F7}.Release|Any CPU.Build.0 = Release|Any CPU
		{D92185CB-A9EC-4D46-B110-52873FBCB4F7}.Release|x64.ActiveCfg = Release|Any CPU
		{D92185CB-A9EC-4D46-B110-52873FBCB4F7}.Release|x64.Build.0 = Release|Any CPU
		{D92185CB-A9EC-4D46-B110-52873FBCB4F7}.Release|x86.ActiveCfg = Release|Any CPU
		{D92185CB-A9EC-4D46-B110-52873FBCB4F7}.Release|x86.Build.0 = Release|Any CPU
	EndGlobalSection
	GlobalSection(SolutionProperties) = preSolution
		HideSolutionNode = FALSE
	EndGlobalSection
EndGlobal
